// !$*UTF8*$!
{
	archiveVersion = 1;
	classes = {
	};
	objectVersion = 51;
	objects = {

/* Begin PBXBuildFile section */
		A6186CC3243CEF6000FCAED8 /* JSONCoder.swift in Sources */ = {isa = PBXBuildFile; fileRef = A6186CC2243CEF6000FCAED8 /* JSONCoder.swift */; };
		A61A65792439EE0E00CD6D91 /* AppDelegate.swift in Sources */ = {isa = PBXBuildFile; fileRef = A61A65782439EE0E00CD6D91 /* AppDelegate.swift */; };
		A61A657D2439EE0E00CD6D91 /* SplashLoadingViewController.swift in Sources */ = {isa = PBXBuildFile; fileRef = A61A657C2439EE0E00CD6D91 /* SplashLoadingViewController.swift */; };
		A61A65802439EE0E00CD6D91 /* Main.storyboard in Resources */ = {isa = PBXBuildFile; fileRef = A61A657E2439EE0E00CD6D91 /* Main.storyboard */; };
		A61A65822439EE1000CD6D91 /* Assets.xcassets in Resources */ = {isa = PBXBuildFile; fileRef = A61A65812439EE1000CD6D91 /* Assets.xcassets */; };
		A61A65852439EE1000CD6D91 /* LaunchScreen.storyboard in Resources */ = {isa = PBXBuildFile; fileRef = A61A65832439EE1000CD6D91 /* LaunchScreen.storyboard */; };
		A61A658E2439F0A400CD6D91 /* LoginViewController.swift in Sources */ = {isa = PBXBuildFile; fileRef = A61A658C2439F0A400CD6D91 /* LoginViewController.swift */; };
		A61A658F2439F0A400CD6D91 /* LoginViewController.xib in Resources */ = {isa = PBXBuildFile; fileRef = A61A658D2439F0A400CD6D91 /* LoginViewController.xib */; };
		A61A65D7243A5D9900CD6D91 /* Config.plist in Resources */ = {isa = PBXBuildFile; fileRef = A61A65D5243A5C5800CD6D91 /* Config.plist */; };
		A61A65DB243BA49D00CD6D91 /* LoginPresenter.swift in Sources */ = {isa = PBXBuildFile; fileRef = A61A65DA243BA49D00CD6D91 /* LoginPresenter.swift */; };
		A61A65DD243BACBA00CD6D91 /* LoginInteractor.swift in Sources */ = {isa = PBXBuildFile; fileRef = A61A65DC243BACBA00CD6D91 /* LoginInteractor.swift */; };
		A61A65DF243BACD600CD6D91 /* LoginRouter.swift in Sources */ = {isa = PBXBuildFile; fileRef = A61A65DE243BACD600CD6D91 /* LoginRouter.swift */; };
		A61A65E1243BACF900CD6D91 /* LoginConfigurator.swift in Sources */ = {isa = PBXBuildFile; fileRef = A61A65E0243BACF900CD6D91 /* LoginConfigurator.swift */; };
		A61A65E4243C913900CD6D91 /* RegistrationViewController.swift in Sources */ = {isa = PBXBuildFile; fileRef = A61A65E2243C913900CD6D91 /* RegistrationViewController.swift */; };
		A61A65E5243C913900CD6D91 /* RegistrationViewController.xib in Resources */ = {isa = PBXBuildFile; fileRef = A61A65E3243C913900CD6D91 /* RegistrationViewController.xib */; };
		A61A65E8243C915900CD6D91 /* RegistrationPresenter.swift in Sources */ = {isa = PBXBuildFile; fileRef = A61A65E7243C915900CD6D91 /* RegistrationPresenter.swift */; };
		A61A65EA243C916500CD6D91 /* RegistrationInteractor.swift in Sources */ = {isa = PBXBuildFile; fileRef = A61A65E9243C916500CD6D91 /* RegistrationInteractor.swift */; };
		A61A65EC243C917200CD6D91 /* RegistrationRouter.swift in Sources */ = {isa = PBXBuildFile; fileRef = A61A65EB243C917200CD6D91 /* RegistrationRouter.swift */; };
		A61A65EE243C918000CD6D91 /* RegistartionConfigurator.swift in Sources */ = {isa = PBXBuildFile; fileRef = A61A65ED243C918000CD6D91 /* RegistartionConfigurator.swift */; };
		A61A65F0243CA9E400CD6D91 /* NetworkManager.swift in Sources */ = {isa = PBXBuildFile; fileRef = A61A65EF243CA9E400CD6D91 /* NetworkManager.swift */; };
		A61A65F2243CADCA00CD6D91 /* AuthDto.swift in Sources */ = {isa = PBXBuildFile; fileRef = A61A65F1243CADCA00CD6D91 /* AuthDto.swift */; };
		A61A65F5243CAF8900CD6D91 /* BussinessOwnerDto.swift in Sources */ = {isa = PBXBuildFile; fileRef = A61A65F4243CAF8900CD6D91 /* BussinessOwnerDto.swift */; };
		A61A65F7243CBC6D00CD6D91 /* ConfigLoader.swift in Sources */ = {isa = PBXBuildFile; fileRef = A61A65F6243CBC6D00CD6D91 /* ConfigLoader.swift */; };
		A633D633243F12A2005C72C3 /* TextFieldInputCell.swift in Sources */ = {isa = PBXBuildFile; fileRef = A633D631243F12A2005C72C3 /* TextFieldInputCell.swift */; };
		A633D634243F12A2005C72C3 /* TextFieldInputCell.xib in Resources */ = {isa = PBXBuildFile; fileRef = A633D632243F12A2005C72C3 /* TextFieldInputCell.xib */; };
		A633D638243F12BC005C72C3 /* ActionButtonCell.swift in Sources */ = {isa = PBXBuildFile; fileRef = A633D636243F12BC005C72C3 /* ActionButtonCell.swift */; };
		A633D639243F12BC005C72C3 /* ActionButtonCell.xib in Resources */ = {isa = PBXBuildFile; fileRef = A633D637243F12BC005C72C3 /* ActionButtonCell.xib */; };
		A64E8D582440B942003356FE /* ProfileInfoCell.swift in Sources */ = {isa = PBXBuildFile; fileRef = A64E8D562440B942003356FE /* ProfileInfoCell.swift */; };
		A64E8D592440B942003356FE /* ProfileInfoCell.xib in Resources */ = {isa = PBXBuildFile; fileRef = A64E8D572440B942003356FE /* ProfileInfoCell.xib */; };
		A64E8D5D2440BA50003356FE /* CardsCollectionViewCell.swift in Sources */ = {isa = PBXBuildFile; fileRef = A64E8D5B2440BA50003356FE /* CardsCollectionViewCell.swift */; };
		A64E8D5E2440BA50003356FE /* CardsCollectionViewCell.xib in Resources */ = {isa = PBXBuildFile; fileRef = A64E8D5C2440BA50003356FE /* CardsCollectionViewCell.xib */; };
		A64E8D612440BACD003356FE /* CardCell.swift in Sources */ = {isa = PBXBuildFile; fileRef = A64E8D5F2440BACD003356FE /* CardCell.swift */; };
		A64E8D622440BACD003356FE /* CardCell.xib in Resources */ = {isa = PBXBuildFile; fileRef = A64E8D602440BACD003356FE /* CardCell.xib */; };
		A64E8D652440BCAB003356FE /* AddNewCardCell.swift in Sources */ = {isa = PBXBuildFile; fileRef = A64E8D632440BCAB003356FE /* AddNewCardCell.swift */; };
		A64E8D662440BCAB003356FE /* AddNewCardCell.xib in Resources */ = {isa = PBXBuildFile; fileRef = A64E8D642440BCAB003356FE /* AddNewCardCell.xib */; };
		A64E8D692440FCAF003356FE /* BusinessOwnerSearchCell.swift in Sources */ = {isa = PBXBuildFile; fileRef = A64E8D672440FCAF003356FE /* BusinessOwnerSearchCell.swift */; };
		A64E8D6A2440FCAF003356FE /* BusinessOwnerSearchCell.xib in Resources */ = {isa = PBXBuildFile; fileRef = A64E8D682440FCAF003356FE /* BusinessOwnerSearchCell.xib */; };
		A64E8D6E24411414003356FE /* VoucherCell.swift in Sources */ = {isa = PBXBuildFile; fileRef = A64E8D6C24411414003356FE /* VoucherCell.swift */; };
		A64E8D6F24411414003356FE /* VoucherCell.xib in Resources */ = {isa = PBXBuildFile; fileRef = A64E8D6D24411414003356FE /* VoucherCell.xib */; };
		A64E8D722441147D003356FE /* VoucherCollectionCell.swift in Sources */ = {isa = PBXBuildFile; fileRef = A64E8D702441147D003356FE /* VoucherCollectionCell.swift */; };
		A64E8D732441147D003356FE /* VoucherCollectionCell.xib in Resources */ = {isa = PBXBuildFile; fileRef = A64E8D712441147D003356FE /* VoucherCollectionCell.xib */; };
		A64E8D762441C9A0003356FE /* ProfileHeaderView.swift in Sources */ = {isa = PBXBuildFile; fileRef = A64E8D742441C9A0003356FE /* ProfileHeaderView.swift */; };
		A64E8D772441C9A0003356FE /* ProfileHeaderView.xib in Resources */ = {isa = PBXBuildFile; fileRef = A64E8D752441C9A0003356FE /* ProfileHeaderView.xib */; };
		A64E8D792441D4C4003356FE /* Colors.swift in Sources */ = {isa = PBXBuildFile; fileRef = A64E8D782441D4C4003356FE /* Colors.swift */; };
		A64E8D7C2441EA4D003356FE /* SearchHeaderView.swift in Sources */ = {isa = PBXBuildFile; fileRef = A64E8D7A2441EA4D003356FE /* SearchHeaderView.swift */; };
		A64E8D7D2441EA4D003356FE /* SearchHeaderView.xib in Resources */ = {isa = PBXBuildFile; fileRef = A64E8D7B2441EA4D003356FE /* SearchHeaderView.xib */; };
		A64E8D802441EA6E003356FE /* BusinessTypeCell.swift in Sources */ = {isa = PBXBuildFile; fileRef = A64E8D7E2441EA6E003356FE /* BusinessTypeCell.swift */; };
		A64E8D812441EA6E003356FE /* BusinessTypeCell.xib in Resources */ = {isa = PBXBuildFile; fileRef = A64E8D7F2441EA6E003356FE /* BusinessTypeCell.xib */; };
		A64E8D832441F171003356FE /* BussinessTypeViewModel.swift in Sources */ = {isa = PBXBuildFile; fileRef = A64E8D822441F171003356FE /* BussinessTypeViewModel.swift */; };
		A65783E02440B3A0005B9531 /* LeaderboardConfigurator.swift in Sources */ = {isa = PBXBuildFile; fileRef = A65783DF2440B3A0005B9531 /* LeaderboardConfigurator.swift */; };
		A65783E22440B3AA005B9531 /* LeaderBoardRouter.swift in Sources */ = {isa = PBXBuildFile; fileRef = A65783E12440B3AA005B9531 /* LeaderBoardRouter.swift */; };
		A65783E42440B3B4005B9531 /* LeadreboardInteractor.swift in Sources */ = {isa = PBXBuildFile; fileRef = A65783E32440B3B4005B9531 /* LeadreboardInteractor.swift */; };
		A65783E62440B3C3005B9531 /* LeaderboardPreseneter.swift in Sources */ = {isa = PBXBuildFile; fileRef = A65783E52440B3C3005B9531 /* LeaderboardPreseneter.swift */; };
		A65783E92440B4BF005B9531 /* BusinessOwnerViewController.swift in Sources */ = {isa = PBXBuildFile; fileRef = A65783E72440B4BF005B9531 /* BusinessOwnerViewController.swift */; };
		A65783EA2440B4BF005B9531 /* BusinessOwnerViewController.xib in Resources */ = {isa = PBXBuildFile; fileRef = A65783E82440B4BF005B9531 /* BusinessOwnerViewController.xib */; };
		A65783ED2440B4F1005B9531 /* BusinessOwnerConfigurator.swift in Sources */ = {isa = PBXBuildFile; fileRef = A65783EC2440B4F1005B9531 /* BusinessOwnerConfigurator.swift */; };
		A65783EF2440B500005B9531 /* BussinessOwnerRouter.swift in Sources */ = {isa = PBXBuildFile; fileRef = A65783EE2440B500005B9531 /* BussinessOwnerRouter.swift */; };
		A65783F12440B50B005B9531 /* BussinessOwnerInteractor.swift in Sources */ = {isa = PBXBuildFile; fileRef = A65783F02440B50B005B9531 /* BussinessOwnerInteractor.swift */; };
		A65783F32440B515005B9531 /* BussinessOwnerPresenter.swift in Sources */ = {isa = PBXBuildFile; fileRef = A65783F22440B515005B9531 /* BussinessOwnerPresenter.swift */; };
		A65783F62440B5C0005B9531 /* LeaderboardCell.swift in Sources */ = {isa = PBXBuildFile; fileRef = A65783F42440B5C0005B9531 /* LeaderboardCell.swift */; };
		A65783F72440B5C0005B9531 /* LeaderboardCell.xib in Resources */ = {isa = PBXBuildFile; fileRef = A65783F52440B5C0005B9531 /* LeaderboardCell.xib */; };
		A66674262440736100B3C9AE /* HomeTabBarViewController.swift in Sources */ = {isa = PBXBuildFile; fileRef = A66674242440736100B3C9AE /* HomeTabBarViewController.swift */; };
		A66674272440736100B3C9AE /* HomeTabBarViewController.xib in Resources */ = {isa = PBXBuildFile; fileRef = A66674252440736100B3C9AE /* HomeTabBarViewController.xib */; };
		A666742B244075CF00B3C9AE /* SearchViewController.swift in Sources */ = {isa = PBXBuildFile; fileRef = A6667429244075CF00B3C9AE /* SearchViewController.swift */; };
		A666742C244075CF00B3C9AE /* SearchViewController.xib in Resources */ = {isa = PBXBuildFile; fileRef = A666742A244075CF00B3C9AE /* SearchViewController.xib */; };
		A6667430244075EC00B3C9AE /* ProfileViewController.swift in Sources */ = {isa = PBXBuildFile; fileRef = A666742E244075EC00B3C9AE /* ProfileViewController.swift */; };
		A6667431244075EC00B3C9AE /* ProfileViewController.xib in Resources */ = {isa = PBXBuildFile; fileRef = A666742F244075EC00B3C9AE /* ProfileViewController.xib */; };
		A6667435244075FF00B3C9AE /* DashboardViewController.swift in Sources */ = {isa = PBXBuildFile; fileRef = A6667433244075FF00B3C9AE /* DashboardViewController.swift */; };
		A6667436244075FF00B3C9AE /* DashboardViewController.xib in Resources */ = {isa = PBXBuildFile; fileRef = A6667434244075FF00B3C9AE /* DashboardViewController.xib */; };
		A666743A2440761400B3C9AE /* LeaderboardViewController.swift in Sources */ = {isa = PBXBuildFile; fileRef = A66674382440761300B3C9AE /* LeaderboardViewController.swift */; };
		A666743B2440761400B3C9AE /* LeaderboardViewController.xib in Resources */ = {isa = PBXBuildFile; fileRef = A66674392440761300B3C9AE /* LeaderboardViewController.xib */; };
		A666743E2440764D00B3C9AE /* DashboardConfigurator.swift in Sources */ = {isa = PBXBuildFile; fileRef = A666743D2440764D00B3C9AE /* DashboardConfigurator.swift */; };
		A66674402440765900B3C9AE /* DashboardRouter.swift in Sources */ = {isa = PBXBuildFile; fileRef = A666743F2440765900B3C9AE /* DashboardRouter.swift */; };
		A66674422440766200B3C9AE /* DashboardInteractor.swift in Sources */ = {isa = PBXBuildFile; fileRef = A66674412440766200B3C9AE /* DashboardInteractor.swift */; };
		A66674442440766C00B3C9AE /* DashboardPresenter.swift in Sources */ = {isa = PBXBuildFile; fileRef = A66674432440766C00B3C9AE /* DashboardPresenter.swift */; };
		A66674462440768B00B3C9AE /* SearchConfigurator.swift in Sources */ = {isa = PBXBuildFile; fileRef = A66674452440768B00B3C9AE /* SearchConfigurator.swift */; };
		A66674482440769300B3C9AE /* SearchRouter.swift in Sources */ = {isa = PBXBuildFile; fileRef = A66674472440769300B3C9AE /* SearchRouter.swift */; };
		A666744A2440769D00B3C9AE /* SearchInteractor.swift in Sources */ = {isa = PBXBuildFile; fileRef = A66674492440769D00B3C9AE /* SearchInteractor.swift */; };
		A666744C244076A500B3C9AE /* SearchPresenter.swift in Sources */ = {isa = PBXBuildFile; fileRef = A666744B244076A500B3C9AE /* SearchPresenter.swift */; };
		A666744E244076B700B3C9AE /* ProfileConfigurator.swift in Sources */ = {isa = PBXBuildFile; fileRef = A666744D244076B700B3C9AE /* ProfileConfigurator.swift */; };
		A6667450244076BF00B3C9AE /* ProfileRouter.swift in Sources */ = {isa = PBXBuildFile; fileRef = A666744F244076BF00B3C9AE /* ProfileRouter.swift */; };
		A6667452244076C700B3C9AE /* ProfileInteractor.swift in Sources */ = {isa = PBXBuildFile; fileRef = A6667451244076C700B3C9AE /* ProfileInteractor.swift */; };
		A6667454244076D300B3C9AE /* ProfilePresenter.swift in Sources */ = {isa = PBXBuildFile; fileRef = A6667453244076D300B3C9AE /* ProfilePresenter.swift */; };
		A6DAE46B2440ABCC00EA95E7 /* ViewController+extension.swift in Sources */ = {isa = PBXBuildFile; fileRef = A6DAE46A2440ABCC00EA95E7 /* ViewController+extension.swift */; };
		B9C3F75A540C30202F7D50BE /* Pods_qpon_ios.framework in Frameworks */ = {isa = PBXBuildFile; fileRef = 73591B86F55EC305CB0E1F0B /* Pods_qpon_ios.framework */; };
/* End PBXBuildFile section */

/* Begin PBXFileReference section */
		6CF8CA639BE6467056DDC716 /* Pods-qpon-ios.debug.xcconfig */ = {isa = PBXFileReference; includeInIndex = 1; lastKnownFileType = text.xcconfig; name = "Pods-qpon-ios.debug.xcconfig"; path = "Target Support Files/Pods-qpon-ios/Pods-qpon-ios.debug.xcconfig"; sourceTree = "<group>"; };
		73591B86F55EC305CB0E1F0B /* Pods_qpon_ios.framework */ = {isa = PBXFileReference; explicitFileType = wrapper.framework; includeInIndex = 0; path = Pods_qpon_ios.framework; sourceTree = BUILT_PRODUCTS_DIR; };
		7CC0F27CA00F17C53A441C63 /* Pods-qpon-ios.release.xcconfig */ = {isa = PBXFileReference; includeInIndex = 1; lastKnownFileType = text.xcconfig; name = "Pods-qpon-ios.release.xcconfig"; path = "Target Support Files/Pods-qpon-ios/Pods-qpon-ios.release.xcconfig"; sourceTree = "<group>"; };
		8D68C7A6E35119F708DBB2C5 /* Pods-qpon-ios.staging.xcconfig */ = {isa = PBXFileReference; includeInIndex = 1; lastKnownFileType = text.xcconfig; name = "Pods-qpon-ios.staging.xcconfig"; path = "Target Support Files/Pods-qpon-ios/Pods-qpon-ios.staging.xcconfig"; sourceTree = "<group>"; };
		A6186CC2243CEF6000FCAED8 /* JSONCoder.swift */ = {isa = PBXFileReference; lastKnownFileType = sourcecode.swift; path = JSONCoder.swift; sourceTree = "<group>"; };
		A61A65752439EE0E00CD6D91 /* qpon-ios.app */ = {isa = PBXFileReference; explicitFileType = wrapper.application; includeInIndex = 0; path = "qpon-ios.app"; sourceTree = BUILT_PRODUCTS_DIR; };
		A61A65782439EE0E00CD6D91 /* AppDelegate.swift */ = {isa = PBXFileReference; lastKnownFileType = sourcecode.swift; path = AppDelegate.swift; sourceTree = "<group>"; };
		A61A657C2439EE0E00CD6D91 /* SplashLoadingViewController.swift */ = {isa = PBXFileReference; lastKnownFileType = sourcecode.swift; path = SplashLoadingViewController.swift; sourceTree = "<group>"; };
		A61A657F2439EE0E00CD6D91 /* Base */ = {isa = PBXFileReference; lastKnownFileType = file.storyboard; name = Base; path = Base.lproj/Main.storyboard; sourceTree = "<group>"; };
		A61A65812439EE1000CD6D91 /* Assets.xcassets */ = {isa = PBXFileReference; lastKnownFileType = folder.assetcatalog; path = Assets.xcassets; sourceTree = "<group>"; };
		A61A65842439EE1000CD6D91 /* Base */ = {isa = PBXFileReference; lastKnownFileType = file.storyboard; name = Base; path = Base.lproj/LaunchScreen.storyboard; sourceTree = "<group>"; };
		A61A65862439EE1000CD6D91 /* Info.plist */ = {isa = PBXFileReference; lastKnownFileType = text.plist.xml; path = Info.plist; sourceTree = "<group>"; };
		A61A658C2439F0A400CD6D91 /* LoginViewController.swift */ = {isa = PBXFileReference; lastKnownFileType = sourcecode.swift; path = LoginViewController.swift; sourceTree = "<group>"; };
		A61A658D2439F0A400CD6D91 /* LoginViewController.xib */ = {isa = PBXFileReference; lastKnownFileType = file.xib; path = LoginViewController.xib; sourceTree = "<group>"; };
		A61A65B3243A0AFE00CD6D91 /* Development.xcconfig */ = {isa = PBXFileReference; lastKnownFileType = text.xcconfig; path = Development.xcconfig; sourceTree = "<group>"; };
		A61A65B4243A0B1400CD6D91 /* Production.xcconfig */ = {isa = PBXFileReference; lastKnownFileType = text.xcconfig; path = Production.xcconfig; sourceTree = "<group>"; };
		A61A65B5243A0B1F00CD6D91 /* Staging.xcconfig */ = {isa = PBXFileReference; lastKnownFileType = text.xcconfig; path = Staging.xcconfig; sourceTree = "<group>"; };
		A61A65BC243A0B8E00CD6D91 /* Config.plist */ = {isa = PBXFileReference; lastKnownFileType = text.plist.xml; path = Config.plist; sourceTree = "<group>"; };
		A61A65BF243A0BA000CD6D91 /* Config.plist */ = {isa = PBXFileReference; lastKnownFileType = text.plist.xml; path = Config.plist; sourceTree = "<group>"; };
		A61A65C2243A0BB100CD6D91 /* Config.plist */ = {isa = PBXFileReference; lastKnownFileType = text.plist.xml; path = Config.plist; sourceTree = "<group>"; };
		A61A65D5243A5C5800CD6D91 /* Config.plist */ = {isa = PBXFileReference; fileEncoding = 4; lastKnownFileType = text.plist.xml; path = Config.plist; sourceTree = "<group>"; };
		A61A65DA243BA49D00CD6D91 /* LoginPresenter.swift */ = {isa = PBXFileReference; lastKnownFileType = sourcecode.swift; path = LoginPresenter.swift; sourceTree = "<group>"; };
		A61A65DC243BACBA00CD6D91 /* LoginInteractor.swift */ = {isa = PBXFileReference; lastKnownFileType = sourcecode.swift; path = LoginInteractor.swift; sourceTree = "<group>"; };
		A61A65DE243BACD600CD6D91 /* LoginRouter.swift */ = {isa = PBXFileReference; lastKnownFileType = sourcecode.swift; path = LoginRouter.swift; sourceTree = "<group>"; };
		A61A65E0243BACF900CD6D91 /* LoginConfigurator.swift */ = {isa = PBXFileReference; lastKnownFileType = sourcecode.swift; path = LoginConfigurator.swift; sourceTree = "<group>"; };
		A61A65E2243C913900CD6D91 /* RegistrationViewController.swift */ = {isa = PBXFileReference; lastKnownFileType = sourcecode.swift; path = RegistrationViewController.swift; sourceTree = "<group>"; };
		A61A65E3243C913900CD6D91 /* RegistrationViewController.xib */ = {isa = PBXFileReference; lastKnownFileType = file.xib; path = RegistrationViewController.xib; sourceTree = "<group>"; };
		A61A65E7243C915900CD6D91 /* RegistrationPresenter.swift */ = {isa = PBXFileReference; lastKnownFileType = sourcecode.swift; path = RegistrationPresenter.swift; sourceTree = "<group>"; };
		A61A65E9243C916500CD6D91 /* RegistrationInteractor.swift */ = {isa = PBXFileReference; lastKnownFileType = sourcecode.swift; path = RegistrationInteractor.swift; sourceTree = "<group>"; };
		A61A65EB243C917200CD6D91 /* RegistrationRouter.swift */ = {isa = PBXFileReference; lastKnownFileType = sourcecode.swift; path = RegistrationRouter.swift; sourceTree = "<group>"; };
		A61A65ED243C918000CD6D91 /* RegistartionConfigurator.swift */ = {isa = PBXFileReference; lastKnownFileType = sourcecode.swift; path = RegistartionConfigurator.swift; sourceTree = "<group>"; };
		A61A65EF243CA9E400CD6D91 /* NetworkManager.swift */ = {isa = PBXFileReference; lastKnownFileType = sourcecode.swift; path = NetworkManager.swift; sourceTree = "<group>"; };
		A61A65F1243CADCA00CD6D91 /* AuthDto.swift */ = {isa = PBXFileReference; lastKnownFileType = sourcecode.swift; path = AuthDto.swift; sourceTree = "<group>"; };
		A61A65F4243CAF8900CD6D91 /* BussinessOwnerDto.swift */ = {isa = PBXFileReference; lastKnownFileType = sourcecode.swift; path = BussinessOwnerDto.swift; sourceTree = "<group>"; };
		A61A65F6243CBC6D00CD6D91 /* ConfigLoader.swift */ = {isa = PBXFileReference; lastKnownFileType = sourcecode.swift; path = ConfigLoader.swift; sourceTree = "<group>"; };
		A633D631243F12A2005C72C3 /* TextFieldInputCell.swift */ = {isa = PBXFileReference; lastKnownFileType = sourcecode.swift; path = TextFieldInputCell.swift; sourceTree = "<group>"; };
		A633D632243F12A2005C72C3 /* TextFieldInputCell.xib */ = {isa = PBXFileReference; lastKnownFileType = file.xib; path = TextFieldInputCell.xib; sourceTree = "<group>"; };
		A633D636243F12BC005C72C3 /* ActionButtonCell.swift */ = {isa = PBXFileReference; lastKnownFileType = sourcecode.swift; path = ActionButtonCell.swift; sourceTree = "<group>"; };
		A633D637243F12BC005C72C3 /* ActionButtonCell.xib */ = {isa = PBXFileReference; lastKnownFileType = file.xib; path = ActionButtonCell.xib; sourceTree = "<group>"; };
		A64E8D562440B942003356FE /* ProfileInfoCell.swift */ = {isa = PBXFileReference; lastKnownFileType = sourcecode.swift; path = ProfileInfoCell.swift; sourceTree = "<group>"; };
		A64E8D572440B942003356FE /* ProfileInfoCell.xib */ = {isa = PBXFileReference; lastKnownFileType = file.xib; path = ProfileInfoCell.xib; sourceTree = "<group>"; };
		A64E8D5B2440BA50003356FE /* CardsCollectionViewCell.swift */ = {isa = PBXFileReference; lastKnownFileType = sourcecode.swift; path = CardsCollectionViewCell.swift; sourceTree = "<group>"; };
		A64E8D5C2440BA50003356FE /* CardsCollectionViewCell.xib */ = {isa = PBXFileReference; lastKnownFileType = file.xib; path = CardsCollectionViewCell.xib; sourceTree = "<group>"; };
		A64E8D5F2440BACD003356FE /* CardCell.swift */ = {isa = PBXFileReference; lastKnownFileType = sourcecode.swift; path = CardCell.swift; sourceTree = "<group>"; };
		A64E8D602440BACD003356FE /* CardCell.xib */ = {isa = PBXFileReference; lastKnownFileType = file.xib; path = CardCell.xib; sourceTree = "<group>"; };
		A64E8D632440BCAB003356FE /* AddNewCardCell.swift */ = {isa = PBXFileReference; lastKnownFileType = sourcecode.swift; path = AddNewCardCell.swift; sourceTree = "<group>"; };
		A64E8D642440BCAB003356FE /* AddNewCardCell.xib */ = {isa = PBXFileReference; lastKnownFileType = file.xib; path = AddNewCardCell.xib; sourceTree = "<group>"; };
		A64E8D672440FCAF003356FE /* BusinessOwnerSearchCell.swift */ = {isa = PBXFileReference; lastKnownFileType = sourcecode.swift; path = BusinessOwnerSearchCell.swift; sourceTree = "<group>"; };
		A64E8D682440FCAF003356FE /* BusinessOwnerSearchCell.xib */ = {isa = PBXFileReference; lastKnownFileType = file.xib; path = BusinessOwnerSearchCell.xib; sourceTree = "<group>"; };
		A64E8D6C24411414003356FE /* VoucherCell.swift */ = {isa = PBXFileReference; lastKnownFileType = sourcecode.swift; path = VoucherCell.swift; sourceTree = "<group>"; };
		A64E8D6D24411414003356FE /* VoucherCell.xib */ = {isa = PBXFileReference; lastKnownFileType = file.xib; path = VoucherCell.xib; sourceTree = "<group>"; };
		A64E8D702441147D003356FE /* VoucherCollectionCell.swift */ = {isa = PBXFileReference; lastKnownFileType = sourcecode.swift; path = VoucherCollectionCell.swift; sourceTree = "<group>"; };
		A64E8D712441147D003356FE /* VoucherCollectionCell.xib */ = {isa = PBXFileReference; lastKnownFileType = file.xib; path = VoucherCollectionCell.xib; sourceTree = "<group>"; };
		A64E8D742441C9A0003356FE /* ProfileHeaderView.swift */ = {isa = PBXFileReference; lastKnownFileType = sourcecode.swift; path = ProfileHeaderView.swift; sourceTree = "<group>"; };
		A64E8D752441C9A0003356FE /* ProfileHeaderView.xib */ = {isa = PBXFileReference; lastKnownFileType = file.xib; path = ProfileHeaderView.xib; sourceTree = "<group>"; };
		A64E8D782441D4C4003356FE /* Colors.swift */ = {isa = PBXFileReference; lastKnownFileType = sourcecode.swift; path = Colors.swift; sourceTree = "<group>"; };
		A64E8D7A2441EA4D003356FE /* SearchHeaderView.swift */ = {isa = PBXFileReference; lastKnownFileType = sourcecode.swift; path = SearchHeaderView.swift; sourceTree = "<group>"; };
		A64E8D7B2441EA4D003356FE /* SearchHeaderView.xib */ = {isa = PBXFileReference; lastKnownFileType = file.xib; path = SearchHeaderView.xib; sourceTree = "<group>"; };
		A64E8D7E2441EA6E003356FE /* BusinessTypeCell.swift */ = {isa = PBXFileReference; lastKnownFileType = sourcecode.swift; path = BusinessTypeCell.swift; sourceTree = "<group>"; };
		A64E8D7F2441EA6E003356FE /* BusinessTypeCell.xib */ = {isa = PBXFileReference; lastKnownFileType = file.xib; path = BusinessTypeCell.xib; sourceTree = "<group>"; };
		A64E8D822441F171003356FE /* BussinessTypeViewModel.swift */ = {isa = PBXFileReference; lastKnownFileType = sourcecode.swift; path = BussinessTypeViewModel.swift; sourceTree = "<group>"; };
		A65783DF2440B3A0005B9531 /* LeaderboardConfigurator.swift */ = {isa = PBXFileReference; lastKnownFileType = sourcecode.swift; path = LeaderboardConfigurator.swift; sourceTree = "<group>"; };
		A65783E12440B3AA005B9531 /* LeaderBoardRouter.swift */ = {isa = PBXFileReference; lastKnownFileType = sourcecode.swift; path = LeaderBoardRouter.swift; sourceTree = "<group>"; };
		A65783E32440B3B4005B9531 /* LeadreboardInteractor.swift */ = {isa = PBXFileReference; lastKnownFileType = sourcecode.swift; path = LeadreboardInteractor.swift; sourceTree = "<group>"; };
		A65783E52440B3C3005B9531 /* LeaderboardPreseneter.swift */ = {isa = PBXFileReference; lastKnownFileType = sourcecode.swift; path = LeaderboardPreseneter.swift; sourceTree = "<group>"; };
		A65783E72440B4BF005B9531 /* BusinessOwnerViewController.swift */ = {isa = PBXFileReference; lastKnownFileType = sourcecode.swift; path = BusinessOwnerViewController.swift; sourceTree = "<group>"; };
		A65783E82440B4BF005B9531 /* BusinessOwnerViewController.xib */ = {isa = PBXFileReference; lastKnownFileType = file.xib; path = BusinessOwnerViewController.xib; sourceTree = "<group>"; };
		A65783EC2440B4F1005B9531 /* BusinessOwnerConfigurator.swift */ = {isa = PBXFileReference; lastKnownFileType = sourcecode.swift; path = BusinessOwnerConfigurator.swift; sourceTree = "<group>"; };
		A65783EE2440B500005B9531 /* BussinessOwnerRouter.swift */ = {isa = PBXFileReference; lastKnownFileType = sourcecode.swift; path = BussinessOwnerRouter.swift; sourceTree = "<group>"; };
		A65783F02440B50B005B9531 /* BussinessOwnerInteractor.swift */ = {isa = PBXFileReference; lastKnownFileType = sourcecode.swift; path = BussinessOwnerInteractor.swift; sourceTree = "<group>"; };
		A65783F22440B515005B9531 /* BussinessOwnerPresenter.swift */ = {isa = PBXFileReference; lastKnownFileType = sourcecode.swift; path = BussinessOwnerPresenter.swift; sourceTree = "<group>"; };
		A65783F42440B5C0005B9531 /* LeaderboardCell.swift */ = {isa = PBXFileReference; lastKnownFileType = sourcecode.swift; path = LeaderboardCell.swift; sourceTree = "<group>"; };
		A65783F52440B5C0005B9531 /* LeaderboardCell.xib */ = {isa = PBXFileReference; lastKnownFileType = file.xib; path = LeaderboardCell.xib; sourceTree = "<group>"; };
		A66674242440736100B3C9AE /* HomeTabBarViewController.swift */ = {isa = PBXFileReference; lastKnownFileType = sourcecode.swift; path = HomeTabBarViewController.swift; sourceTree = "<group>"; };
		A66674252440736100B3C9AE /* HomeTabBarViewController.xib */ = {isa = PBXFileReference; lastKnownFileType = file.xib; path = HomeTabBarViewController.xib; sourceTree = "<group>"; };
		A6667429244075CF00B3C9AE /* SearchViewController.swift */ = {isa = PBXFileReference; lastKnownFileType = sourcecode.swift; path = SearchViewController.swift; sourceTree = "<group>"; };
		A666742A244075CF00B3C9AE /* SearchViewController.xib */ = {isa = PBXFileReference; lastKnownFileType = file.xib; path = SearchViewController.xib; sourceTree = "<group>"; };
		A666742E244075EC00B3C9AE /* ProfileViewController.swift */ = {isa = PBXFileReference; lastKnownFileType = sourcecode.swift; path = ProfileViewController.swift; sourceTree = "<group>"; };
		A666742F244075EC00B3C9AE /* ProfileViewController.xib */ = {isa = PBXFileReference; lastKnownFileType = file.xib; path = ProfileViewController.xib; sourceTree = "<group>"; };
		A6667433244075FF00B3C9AE /* DashboardViewController.swift */ = {isa = PBXFileReference; lastKnownFileType = sourcecode.swift; path = DashboardViewController.swift; sourceTree = "<group>"; };
		A6667434244075FF00B3C9AE /* DashboardViewController.xib */ = {isa = PBXFileReference; lastKnownFileType = file.xib; path = DashboardViewController.xib; sourceTree = "<group>"; };
		A66674382440761300B3C9AE /* LeaderboardViewController.swift */ = {isa = PBXFileReference; lastKnownFileType = sourcecode.swift; path = LeaderboardViewController.swift; sourceTree = "<group>"; };
		A66674392440761300B3C9AE /* LeaderboardViewController.xib */ = {isa = PBXFileReference; lastKnownFileType = file.xib; path = LeaderboardViewController.xib; sourceTree = "<group>"; };
		A666743D2440764D00B3C9AE /* DashboardConfigurator.swift */ = {isa = PBXFileReference; lastKnownFileType = sourcecode.swift; path = DashboardConfigurator.swift; sourceTree = "<group>"; };
		A666743F2440765900B3C9AE /* DashboardRouter.swift */ = {isa = PBXFileReference; lastKnownFileType = sourcecode.swift; path = DashboardRouter.swift; sourceTree = "<group>"; };
		A66674412440766200B3C9AE /* DashboardInteractor.swift */ = {isa = PBXFileReference; lastKnownFileType = sourcecode.swift; path = DashboardInteractor.swift; sourceTree = "<group>"; };
		A66674432440766C00B3C9AE /* DashboardPresenter.swift */ = {isa = PBXFileReference; lastKnownFileType = sourcecode.swift; path = DashboardPresenter.swift; sourceTree = "<group>"; };
		A66674452440768B00B3C9AE /* SearchConfigurator.swift */ = {isa = PBXFileReference; lastKnownFileType = sourcecode.swift; path = SearchConfigurator.swift; sourceTree = "<group>"; };
		A66674472440769300B3C9AE /* SearchRouter.swift */ = {isa = PBXFileReference; lastKnownFileType = sourcecode.swift; path = SearchRouter.swift; sourceTree = "<group>"; };
		A66674492440769D00B3C9AE /* SearchInteractor.swift */ = {isa = PBXFileReference; lastKnownFileType = sourcecode.swift; path = SearchInteractor.swift; sourceTree = "<group>"; };
		A666744B244076A500B3C9AE /* SearchPresenter.swift */ = {isa = PBXFileReference; lastKnownFileType = sourcecode.swift; path = SearchPresenter.swift; sourceTree = "<group>"; };
		A666744D244076B700B3C9AE /* ProfileConfigurator.swift */ = {isa = PBXFileReference; lastKnownFileType = sourcecode.swift; path = ProfileConfigurator.swift; sourceTree = "<group>"; };
		A666744F244076BF00B3C9AE /* ProfileRouter.swift */ = {isa = PBXFileReference; lastKnownFileType = sourcecode.swift; path = ProfileRouter.swift; sourceTree = "<group>"; };
		A6667451244076C700B3C9AE /* ProfileInteractor.swift */ = {isa = PBXFileReference; lastKnownFileType = sourcecode.swift; path = ProfileInteractor.swift; sourceTree = "<group>"; };
		A6667453244076D300B3C9AE /* ProfilePresenter.swift */ = {isa = PBXFileReference; lastKnownFileType = sourcecode.swift; path = ProfilePresenter.swift; sourceTree = "<group>"; };
		A6DAE46A2440ABCC00EA95E7 /* ViewController+extension.swift */ = {isa = PBXFileReference; lastKnownFileType = sourcecode.swift; path = "ViewController+extension.swift"; sourceTree = "<group>"; };
/* End PBXFileReference section */

/* Begin PBXFrameworksBuildPhase section */
		A61A65722439EE0E00CD6D91 /* Frameworks */ = {
			isa = PBXFrameworksBuildPhase;
			buildActionMask = 2147483647;
			files = (
				B9C3F75A540C30202F7D50BE /* Pods_qpon_ios.framework in Frameworks */,
			);
			runOnlyForDeploymentPostprocessing = 0;
		};
/* End PBXFrameworksBuildPhase section */

/* Begin PBXGroup section */
		87CB82D7A3E84150AD887925 /* Frameworks */ = {
			isa = PBXGroup;
			children = (
				73591B86F55EC305CB0E1F0B /* Pods_qpon_ios.framework */,
			);
			name = Frameworks;
			sourceTree = "<group>";
		};
		8BA97198D3738986155F1514 /* Pods */ = {
			isa = PBXGroup;
			children = (
				6CF8CA639BE6467056DDC716 /* Pods-qpon-ios.debug.xcconfig */,
				7CC0F27CA00F17C53A441C63 /* Pods-qpon-ios.release.xcconfig */,
				8D68C7A6E35119F708DBB2C5 /* Pods-qpon-ios.staging.xcconfig */,
			);
			path = Pods;
			sourceTree = "<group>";
		};
		A61A656C2439EE0E00CD6D91 = {
			isa = PBXGroup;
			children = (
				A61A65772439EE0E00CD6D91 /* qpon-ios */,
				A61A65762439EE0E00CD6D91 /* Products */,
				8BA97198D3738986155F1514 /* Pods */,
				87CB82D7A3E84150AD887925 /* Frameworks */,
			);
			sourceTree = "<group>";
		};
		A61A65762439EE0E00CD6D91 /* Products */ = {
			isa = PBXGroup;
			children = (
				A61A65752439EE0E00CD6D91 /* qpon-ios.app */,
			);
			name = Products;
			sourceTree = "<group>";
		};
		A61A65772439EE0E00CD6D91 /* qpon-ios */ = {
			isa = PBXGroup;
			children = (
				A61A65D3243A5C3700CD6D91 /* Generated */,
				A61A65BA243A0B4C00CD6D91 /* Resources */,
				A61A65D9243B9DF800CD6D91 /* Scenes */,
				A61A65F3243CADD100CD6D91 /* dto */,
				A64E8D842441F178003356FE /* view model */,
				A61A65782439EE0E00CD6D91 /* AppDelegate.swift */,
				A61A65EF243CA9E400CD6D91 /* NetworkManager.swift */,
				A61A657C2439EE0E00CD6D91 /* SplashLoadingViewController.swift */,
				A61A657E2439EE0E00CD6D91 /* Main.storyboard */,
				A61A65832439EE1000CD6D91 /* LaunchScreen.storyboard */,
				A61A65862439EE1000CD6D91 /* Info.plist */,
				A6DAE46C2440ABD200EA95E7 /* Extensions */,
			);
			path = "qpon-ios";
			sourceTree = "<group>";
		};
		A61A65BA243A0B4C00CD6D91 /* Resources */ = {
			isa = PBXGroup;
			children = (
				A61A65812439EE1000CD6D91 /* Assets.xcassets */,
				A61A65BB243A0B6A00CD6D91 /* Development */,
				A61A65C1243A0BA500CD6D91 /* Staging */,
				A61A65BE243A0B9500CD6D91 /* Production */,
				A61A65F6243CBC6D00CD6D91 /* ConfigLoader.swift */,
				A64E8D782441D4C4003356FE /* Colors.swift */,
			);
			path = Resources;
			sourceTree = "<group>";
		};
		A61A65BB243A0B6A00CD6D91 /* Development */ = {
			isa = PBXGroup;
			children = (
				A61A65B3243A0AFE00CD6D91 /* Development.xcconfig */,
				A61A65BC243A0B8E00CD6D91 /* Config.plist */,
			);
			path = Development;
			sourceTree = "<group>";
		};
		A61A65BE243A0B9500CD6D91 /* Production */ = {
			isa = PBXGroup;
			children = (
				A61A65B4243A0B1400CD6D91 /* Production.xcconfig */,
				A61A65BF243A0BA000CD6D91 /* Config.plist */,
			);
			path = Production;
			sourceTree = "<group>";
		};
		A61A65C1243A0BA500CD6D91 /* Staging */ = {
			isa = PBXGroup;
			children = (
				A61A65B5243A0B1F00CD6D91 /* Staging.xcconfig */,
				A61A65C2243A0BB100CD6D91 /* Config.plist */,
			);
			path = Staging;
			sourceTree = "<group>";
		};
		A61A65D3243A5C3700CD6D91 /* Generated */ = {
			isa = PBXGroup;
			children = (
				A61A65D4243A5C4200CD6D91 /* Config */,
			);
			path = Generated;
			sourceTree = "<group>";
		};
		A61A65D4243A5C4200CD6D91 /* Config */ = {
			isa = PBXGroup;
			children = (
				A61A65D5243A5C5800CD6D91 /* Config.plist */,
			);
			path = Config;
			sourceTree = "<group>";
		};
		A61A65D8243B9DEB00CD6D91 /* Login Scene */ = {
			isa = PBXGroup;
			children = (
				A61A65E0243BACF900CD6D91 /* LoginConfigurator.swift */,
				A61A65DE243BACD600CD6D91 /* LoginRouter.swift */,
				A61A65DC243BACBA00CD6D91 /* LoginInteractor.swift */,
				A61A65DA243BA49D00CD6D91 /* LoginPresenter.swift */,
				A61A658C2439F0A400CD6D91 /* LoginViewController.swift */,
				A61A658D2439F0A400CD6D91 /* LoginViewController.xib */,
			);
			path = "Login Scene";
			sourceTree = "<group>";
		};
		A61A65D9243B9DF800CD6D91 /* Scenes */ = {
			isa = PBXGroup;
			children = (
				A61A65D8243B9DEB00CD6D91 /* Login Scene */,
				A61A65E6243C913E00CD6D91 /* Registration Scene */,
				A66674282440736500B3C9AE /* Home Tab Bar Scene */,
				A66674372440760200B3C9AE /* Dashboard Scene */,
				A666742D244075D700B3C9AE /* Search Screne */,
				A6667432244075EE00B3C9AE /* Profile Scene */,
				A666743C2440761600B3C9AE /* Leaderboard Scene */,
				A65783EB2440B4C3005B9531 /* Business Owner Scene */,
			);
			path = Scenes;
			sourceTree = "<group>";
		};
		A61A65E6243C913E00CD6D91 /* Registration Scene */ = {
			isa = PBXGroup;
			children = (
				A61A65ED243C918000CD6D91 /* RegistartionConfigurator.swift */,
				A61A65EB243C917200CD6D91 /* RegistrationRouter.swift */,
				A61A65E9243C916500CD6D91 /* RegistrationInteractor.swift */,
				A61A65E7243C915900CD6D91 /* RegistrationPresenter.swift */,
				A61A65E2243C913900CD6D91 /* RegistrationViewController.swift */,
				A61A65E3243C913900CD6D91 /* RegistrationViewController.xib */,
				A633D635243F12A5005C72C3 /* Cells */,
			);
			path = "Registration Scene";
			sourceTree = "<group>";
		};
		A61A65F3243CADD100CD6D91 /* dto */ = {
			isa = PBXGroup;
			children = (
				A6186CC2243CEF6000FCAED8 /* JSONCoder.swift */,
				A61A65F1243CADCA00CD6D91 /* AuthDto.swift */,
				A61A65F4243CAF8900CD6D91 /* BussinessOwnerDto.swift */,
			);
			path = dto;
			sourceTree = "<group>";
		};
		A633D635243F12A5005C72C3 /* Cells */ = {
			isa = PBXGroup;
			children = (
				A633D631243F12A2005C72C3 /* TextFieldInputCell.swift */,
				A633D632243F12A2005C72C3 /* TextFieldInputCell.xib */,
				A633D636243F12BC005C72C3 /* ActionButtonCell.swift */,
				A633D637243F12BC005C72C3 /* ActionButtonCell.xib */,
			);
			path = Cells;
			sourceTree = "<group>";
		};
		A64E8D5A2440B945003356FE /* Cells */ = {
			isa = PBXGroup;
			children = (
				A64E8D562440B942003356FE /* ProfileInfoCell.swift */,
				A64E8D572440B942003356FE /* ProfileInfoCell.xib */,
				A64E8D5B2440BA50003356FE /* CardsCollectionViewCell.swift */,
				A64E8D5C2440BA50003356FE /* CardsCollectionViewCell.xib */,
				A64E8D5F2440BACD003356FE /* CardCell.swift */,
				A64E8D602440BACD003356FE /* CardCell.xib */,
				A64E8D632440BCAB003356FE /* AddNewCardCell.swift */,
				A64E8D642440BCAB003356FE /* AddNewCardCell.xib */,
				A64E8D702441147D003356FE /* VoucherCollectionCell.swift */,
				A64E8D712441147D003356FE /* VoucherCollectionCell.xib */,
				A64E8D6C24411414003356FE /* VoucherCell.swift */,
				A64E8D6D24411414003356FE /* VoucherCell.xib */,
				A64E8D742441C9A0003356FE /* ProfileHeaderView.swift */,
				A64E8D752441C9A0003356FE /* ProfileHeaderView.xib */,
			);
			path = Cells;
			sourceTree = "<group>";
		};
		A64E8D6B2440FCB5003356FE /* Cells */ = {
			isa = PBXGroup;
			children = (
				A64E8D672440FCAF003356FE /* BusinessOwnerSearchCell.swift */,
				A64E8D682440FCAF003356FE /* BusinessOwnerSearchCell.xib */,
				A64E8D7A2441EA4D003356FE /* SearchHeaderView.swift */,
				A64E8D7B2441EA4D003356FE /* SearchHeaderView.xib */,
				A64E8D7E2441EA6E003356FE /* BusinessTypeCell.swift */,
				A64E8D7F2441EA6E003356FE /* BusinessTypeCell.xib */,
			);
			path = Cells;
			sourceTree = "<group>";
		};
		A64E8D842441F178003356FE /* view model */ = {
			isa = PBXGroup;
			children = (
				A64E8D822441F171003356FE /* BussinessTypeViewModel.swift */,
			);
			path = "view model";
			sourceTree = "<group>";
		};
		A65783EB2440B4C3005B9531 /* Business Owner Scene */ = {
			isa = PBXGroup;
			children = (
				A65783EC2440B4F1005B9531 /* BusinessOwnerConfigurator.swift */,
				A65783EE2440B500005B9531 /* BussinessOwnerRouter.swift */,
				A65783F02440B50B005B9531 /* BussinessOwnerInteractor.swift */,
				A65783F22440B515005B9531 /* BussinessOwnerPresenter.swift */,
				A65783E72440B4BF005B9531 /* BusinessOwnerViewController.swift */,
				A65783E82440B4BF005B9531 /* BusinessOwnerViewController.xib */,
			);
			path = "Business Owner Scene";
			sourceTree = "<group>";
		};
		A65783F82440B5CF005B9531 /* Cells */ = {
			isa = PBXGroup;
			children = (
				A65783F42440B5C0005B9531 /* LeaderboardCell.swift */,
				A65783F52440B5C0005B9531 /* LeaderboardCell.xib */,
			);
			path = Cells;
			sourceTree = "<group>";
		};
		A66674282440736500B3C9AE /* Home Tab Bar Scene */ = {
			isa = PBXGroup;
			children = (
				A66674242440736100B3C9AE /* HomeTabBarViewController.swift */,
				A66674252440736100B3C9AE /* HomeTabBarViewController.xib */,
			);
			path = "Home Tab Bar Scene";
			sourceTree = "<group>";
		};
		A666742D244075D700B3C9AE /* Search Screne */ = {
			isa = PBXGroup;
			children = (
				A66674452440768B00B3C9AE /* SearchConfigurator.swift */,
				A66674472440769300B3C9AE /* SearchRouter.swift */,
				A66674492440769D00B3C9AE /* SearchInteractor.swift */,
				A666744B244076A500B3C9AE /* SearchPresenter.swift */,
				A6667429244075CF00B3C9AE /* SearchViewController.swift */,
				A666742A244075CF00B3C9AE /* SearchViewController.xib */,
				A64E8D6B2440FCB5003356FE /* Cells */,
			);
			path = "Search Screne";
			sourceTree = "<group>";
		};
		A6667432244075EE00B3C9AE /* Profile Scene */ = {
			isa = PBXGroup;
			children = (
				A666744D244076B700B3C9AE /* ProfileConfigurator.swift */,
				A666744F244076BF00B3C9AE /* ProfileRouter.swift */,
				A6667451244076C700B3C9AE /* ProfileInteractor.swift */,
				A6667453244076D300B3C9AE /* ProfilePresenter.swift */,
				A666742E244075EC00B3C9AE /* ProfileViewController.swift */,
				A666742F244075EC00B3C9AE /* ProfileViewController.xib */,
				A64E8D5A2440B945003356FE /* Cells */,
			);
			path = "Profile Scene";
			sourceTree = "<group>";
		};
		A66674372440760200B3C9AE /* Dashboard Scene */ = {
			isa = PBXGroup;
			children = (
				A666743D2440764D00B3C9AE /* DashboardConfigurator.swift */,
				A666743F2440765900B3C9AE /* DashboardRouter.swift */,
				A66674412440766200B3C9AE /* DashboardInteractor.swift */,
				A66674432440766C00B3C9AE /* DashboardPresenter.swift */,
				A6667433244075FF00B3C9AE /* DashboardViewController.swift */,
				A6667434244075FF00B3C9AE /* DashboardViewController.xib */,
			);
			path = "Dashboard Scene";
			sourceTree = "<group>";
		};
		A666743C2440761600B3C9AE /* Leaderboard Scene */ = {
			isa = PBXGroup;
			children = (
				A65783DF2440B3A0005B9531 /* LeaderboardConfigurator.swift */,
				A65783E12440B3AA005B9531 /* LeaderBoardRouter.swift */,
				A65783E32440B3B4005B9531 /* LeadreboardInteractor.swift */,
				A65783E52440B3C3005B9531 /* LeaderboardPreseneter.swift */,
				A66674382440761300B3C9AE /* LeaderboardViewController.swift */,
				A66674392440761300B3C9AE /* LeaderboardViewController.xib */,
				A65783F82440B5CF005B9531 /* Cells */,
			);
			path = "Leaderboard Scene";
			sourceTree = "<group>";
		};
		A6DAE46C2440ABD200EA95E7 /* Extensions */ = {
			isa = PBXGroup;
			children = (
				A6DAE46A2440ABCC00EA95E7 /* ViewController+extension.swift */,
			);
			path = Extensions;
			sourceTree = "<group>";
		};
/* End PBXGroup section */

/* Begin PBXNativeTarget section */
		A61A65742439EE0E00CD6D91 /* qpon-ios */ = {
			isa = PBXNativeTarget;
			buildConfigurationList = A61A65892439EE1000CD6D91 /* Build configuration list for PBXNativeTarget "qpon-ios" */;
			buildPhases = (
				AEDA91A9094EC658C08D0247 /* [CP] Check Pods Manifest.lock */,
				A61A65712439EE0E00CD6D91 /* Sources */,
				A61A65722439EE0E00CD6D91 /* Frameworks */,
				A61A65732439EE0E00CD6D91 /* Resources */,
				A61A65C7243A14C400CD6D91 /* Copy Config */,
				32ACE3DD985C94DF7A74DBF0 /* [CP] Embed Pods Frameworks */,
			);
			buildRules = (
			);
			dependencies = (
			);
			name = "qpon-ios";
			productName = "qpon-ios";
			productReference = A61A65752439EE0E00CD6D91 /* qpon-ios.app */;
			productType = "com.apple.product-type.application";
		};
/* End PBXNativeTarget section */

/* Begin PBXProject section */
		A61A656D2439EE0E00CD6D91 /* Project object */ = {
			isa = PBXProject;
			attributes = {
				LastSwiftUpdateCheck = 1130;
				LastUpgradeCheck = 1130;
				ORGANIZATIONNAME = "Bianca Hinova";
				TargetAttributes = {
					A61A65742439EE0E00CD6D91 = {
						CreatedOnToolsVersion = 11.3.1;
					};
				};
			};
			buildConfigurationList = A61A65702439EE0E00CD6D91 /* Build configuration list for PBXProject "qpon-ios" */;
			compatibilityVersion = "Xcode 9.3";
			developmentRegion = en;
			hasScannedForEncodings = 0;
			knownRegions = (
				en,
				Base,
			);
			mainGroup = A61A656C2439EE0E00CD6D91;
			productRefGroup = A61A65762439EE0E00CD6D91 /* Products */;
			projectDirPath = "";
			projectRoot = "";
			targets = (
				A61A65742439EE0E00CD6D91 /* qpon-ios */,
			);
		};
/* End PBXProject section */

/* Begin PBXResourcesBuildPhase section */
		A61A65732439EE0E00CD6D91 /* Resources */ = {
			isa = PBXResourcesBuildPhase;
			buildActionMask = 2147483647;
			files = (
				A61A658F2439F0A400CD6D91 /* LoginViewController.xib in Resources */,
				A64E8D6F24411414003356FE /* VoucherCell.xib in Resources */,
				A64E8D592440B942003356FE /* ProfileInfoCell.xib in Resources */,
				A64E8D772441C9A0003356FE /* ProfileHeaderView.xib in Resources */,
				A66674272440736100B3C9AE /* HomeTabBarViewController.xib in Resources */,
				A61A65852439EE1000CD6D91 /* LaunchScreen.storyboard in Resources */,
				A61A65822439EE1000CD6D91 /* Assets.xcassets in Resources */,
				A64E8D6A2440FCAF003356FE /* BusinessOwnerSearchCell.xib in Resources */,
				A65783EA2440B4BF005B9531 /* BusinessOwnerViewController.xib in Resources */,
				A65783F72440B5C0005B9531 /* LeaderboardCell.xib in Resources */,
				A64E8D622440BACD003356FE /* CardCell.xib in Resources */,
				A64E8D5E2440BA50003356FE /* CardsCollectionViewCell.xib in Resources */,
				A61A65E5243C913900CD6D91 /* RegistrationViewController.xib in Resources */,
				A64E8D812441EA6E003356FE /* BusinessTypeCell.xib in Resources */,
				A64E8D732441147D003356FE /* VoucherCollectionCell.xib in Resources */,
				A64E8D662440BCAB003356FE /* AddNewCardCell.xib in Resources */,
				A64E8D7D2441EA4D003356FE /* SearchHeaderView.xib in Resources */,
				A6667431244075EC00B3C9AE /* ProfileViewController.xib in Resources */,
				A633D634243F12A2005C72C3 /* TextFieldInputCell.xib in Resources */,
				A666743B2440761400B3C9AE /* LeaderboardViewController.xib in Resources */,
				A61A65D7243A5D9900CD6D91 /* Config.plist in Resources */,
				A61A65802439EE0E00CD6D91 /* Main.storyboard in Resources */,
				A666742C244075CF00B3C9AE /* SearchViewController.xib in Resources */,
				A633D639243F12BC005C72C3 /* ActionButtonCell.xib in Resources */,
				A6667436244075FF00B3C9AE /* DashboardViewController.xib in Resources */,
			);
			runOnlyForDeploymentPostprocessing = 0;
		};
/* End PBXResourcesBuildPhase section */

/* Begin PBXShellScriptBuildPhase section */
		32ACE3DD985C94DF7A74DBF0 /* [CP] Embed Pods Frameworks */ = {
			isa = PBXShellScriptBuildPhase;
			buildActionMask = 2147483647;
			files = (
			);
			inputFileListPaths = (
				"${PODS_ROOT}/Target Support Files/Pods-qpon-ios/Pods-qpon-ios-frameworks-${CONFIGURATION}-input-files.xcfilelist",
			);
			name = "[CP] Embed Pods Frameworks";
			outputFileListPaths = (
				"${PODS_ROOT}/Target Support Files/Pods-qpon-ios/Pods-qpon-ios-frameworks-${CONFIGURATION}-output-files.xcfilelist",
			);
			runOnlyForDeploymentPostprocessing = 0;
			shellPath = /bin/sh;
			shellScript = "\"${PODS_ROOT}/Target Support Files/Pods-qpon-ios/Pods-qpon-ios-frameworks.sh\"\n";
			showEnvVarsInLog = 0;
		};
		A61A65C7243A14C400CD6D91 /* Copy Config */ = {
			isa = PBXShellScriptBuildPhase;
			buildActionMask = 2147483647;
			files = (
			);
			inputFileListPaths = (
			);
			inputPaths = (
			);
			name = "Copy Config";
			outputFileListPaths = (
			);
			outputPaths = (
				"${SRCROOT}/qpon-ios/Generated/Config/Config.plist",
			);
			runOnlyForDeploymentPostprocessing = 0;
			shellPath = /bin/sh;
			shellScript = "cp -fp \"${SRCROOT}/qpon-ios/Resources/${XCC_CONFIG_PATH}\" \"${SRCROOT}/qpon-ios/Generated/Config/Config.plist\"\n\n";
		};
		AEDA91A9094EC658C08D0247 /* [CP] Check Pods Manifest.lock */ = {
			isa = PBXShellScriptBuildPhase;
			buildActionMask = 2147483647;
			files = (
			);
			inputFileListPaths = (
			);
			inputPaths = (
				"${PODS_PODFILE_DIR_PATH}/Podfile.lock",
				"${PODS_ROOT}/Manifest.lock",
			);
			name = "[CP] Check Pods Manifest.lock";
			outputFileListPaths = (
			);
			outputPaths = (
				"$(DERIVED_FILE_DIR)/Pods-qpon-ios-checkManifestLockResult.txt",
			);
			runOnlyForDeploymentPostprocessing = 0;
			shellPath = /bin/sh;
			shellScript = "diff \"${PODS_PODFILE_DIR_PATH}/Podfile.lock\" \"${PODS_ROOT}/Manifest.lock\" > /dev/null\nif [ $? != 0 ] ; then\n    # print error to STDERR\n    echo \"error: The sandbox is not in sync with the Podfile.lock. Run 'pod install' or update your CocoaPods installation.\" >&2\n    exit 1\nfi\n# This output is used by Xcode 'outputs' to avoid re-running this script phase.\necho \"SUCCESS\" > \"${SCRIPT_OUTPUT_FILE_0}\"\n";
			showEnvVarsInLog = 0;
		};
/* End PBXShellScriptBuildPhase section */

/* Begin PBXSourcesBuildPhase section */
		A61A65712439EE0E00CD6D91 /* Sources */ = {
			isa = PBXSourcesBuildPhase;
			buildActionMask = 2147483647;
			files = (
				A61A65E1243BACF900CD6D91 /* LoginConfigurator.swift in Sources */,
				A6667435244075FF00B3C9AE /* DashboardViewController.swift in Sources */,
				A64E8D762441C9A0003356FE /* ProfileHeaderView.swift in Sources */,
				A666743E2440764D00B3C9AE /* DashboardConfigurator.swift in Sources */,
				A61A65F2243CADCA00CD6D91 /* AuthDto.swift in Sources */,
				A61A65E8243C915900CD6D91 /* RegistrationPresenter.swift in Sources */,
				A61A65DB243BA49D00CD6D91 /* LoginPresenter.swift in Sources */,
				A65783E42440B3B4005B9531 /* LeadreboardInteractor.swift in Sources */,
				A66674482440769300B3C9AE /* SearchRouter.swift in Sources */,
				A633D633243F12A2005C72C3 /* TextFieldInputCell.swift in Sources */,
				A61A65F0243CA9E400CD6D91 /* NetworkManager.swift in Sources */,
				A6667430244075EC00B3C9AE /* ProfileViewController.swift in Sources */,
				A65783F12440B50B005B9531 /* BussinessOwnerInteractor.swift in Sources */,
				A666744E244076B700B3C9AE /* ProfileConfigurator.swift in Sources */,
				A61A65EE243C918000CD6D91 /* RegistartionConfigurator.swift in Sources */,
				A61A65E4243C913900CD6D91 /* RegistrationViewController.swift in Sources */,
				A64E8D832441F171003356FE /* BussinessTypeViewModel.swift in Sources */,
				A66674442440766C00B3C9AE /* DashboardPresenter.swift in Sources */,
				A64E8D792441D4C4003356FE /* Colors.swift in Sources */,
				A65783ED2440B4F1005B9531 /* BusinessOwnerConfigurator.swift in Sources */,
				A6667454244076D300B3C9AE /* ProfilePresenter.swift in Sources */,
				A64E8D802441EA6E003356FE /* BusinessTypeCell.swift in Sources */,
				A633D638243F12BC005C72C3 /* ActionButtonCell.swift in Sources */,
				A66674262440736100B3C9AE /* HomeTabBarViewController.swift in Sources */,
				A61A658E2439F0A400CD6D91 /* LoginViewController.swift in Sources */,
				A64E8D7C2441EA4D003356FE /* SearchHeaderView.swift in Sources */,
				A65783F62440B5C0005B9531 /* LeaderboardCell.swift in Sources */,
				A66674422440766200B3C9AE /* DashboardInteractor.swift in Sources */,
				A61A65DF243BACD600CD6D91 /* LoginRouter.swift in Sources */,
				A64E8D722441147D003356FE /* VoucherCollectionCell.swift in Sources */,
				A61A65F5243CAF8900CD6D91 /* BussinessOwnerDto.swift in Sources */,
				A64E8D692440FCAF003356FE /* BusinessOwnerSearchCell.swift in Sources */,
				A64E8D612440BACD003356FE /* CardCell.swift in Sources */,
				A65783F32440B515005B9531 /* BussinessOwnerPresenter.swift in Sources */,
				A61A65F7243CBC6D00CD6D91 /* ConfigLoader.swift in Sources */,
				A64E8D5D2440BA50003356FE /* CardsCollectionViewCell.swift in Sources */,
				A66674462440768B00B3C9AE /* SearchConfigurator.swift in Sources */,
				A64E8D652440BCAB003356FE /* AddNewCardCell.swift in Sources */,
				A61A65EC243C917200CD6D91 /* RegistrationRouter.swift in Sources */,
				A64E8D582440B942003356FE /* ProfileInfoCell.swift in Sources */,
				A666742B244075CF00B3C9AE /* SearchViewController.swift in Sources */,
				A6667450244076BF00B3C9AE /* ProfileRouter.swift in Sources */,
				A65783E22440B3AA005B9531 /* LeaderBoardRouter.swift in Sources */,
				A61A657D2439EE0E00CD6D91 /* SplashLoadingViewController.swift in Sources */,
				A6DAE46B2440ABCC00EA95E7 /* ViewController+extension.swift in Sources */,
				A61A65DD243BACBA00CD6D91 /* LoginInteractor.swift in Sources */,
				A65783EF2440B500005B9531 /* BussinessOwnerRouter.swift in Sources */,
				A6667452244076C700B3C9AE /* ProfileInteractor.swift in Sources */,
				A65783E62440B3C3005B9531 /* LeaderboardPreseneter.swift in Sources */,
				A6186CC3243CEF6000FCAED8 /* JSONCoder.swift in Sources */,
				A61A65792439EE0E00CD6D91 /* AppDelegate.swift in Sources */,
				A666744A2440769D00B3C9AE /* SearchInteractor.swift in Sources */,
				A65783E92440B4BF005B9531 /* BusinessOwnerViewController.swift in Sources */,
				A666743A2440761400B3C9AE /* LeaderboardViewController.swift in Sources */,
				A65783E02440B3A0005B9531 /* LeaderboardConfigurator.swift in Sources */,
				A61A65EA243C916500CD6D91 /* RegistrationInteractor.swift in Sources */,
				A666744C244076A500B3C9AE /* SearchPresenter.swift in Sources */,
				A64E8D6E24411414003356FE /* VoucherCell.swift in Sources */,
				A66674402440765900B3C9AE /* DashboardRouter.swift in Sources */,
			);
			runOnlyForDeploymentPostprocessing = 0;
		};
/* End PBXSourcesBuildPhase section */

/* Begin PBXVariantGroup section */
		A61A657E2439EE0E00CD6D91 /* Main.storyboard */ = {
			isa = PBXVariantGroup;
			children = (
				A61A657F2439EE0E00CD6D91 /* Base */,
			);
			name = Main.storyboard;
			sourceTree = "<group>";
		};
		A61A65832439EE1000CD6D91 /* LaunchScreen.storyboard */ = {
			isa = PBXVariantGroup;
			children = (
				A61A65842439EE1000CD6D91 /* Base */,
			);
			name = LaunchScreen.storyboard;
			sourceTree = "<group>";
		};
/* End PBXVariantGroup section */

/* Begin XCBuildConfiguration section */
		A61A65872439EE1000CD6D91 /* Debug */ = {
			isa = XCBuildConfiguration;
			baseConfigurationReference = A61A65B3243A0AFE00CD6D91 /* Development.xcconfig */;
			buildSettings = {
				ALWAYS_SEARCH_USER_PATHS = NO;
				CLANG_ANALYZER_NONNULL = YES;
				CLANG_ANALYZER_NUMBER_OBJECT_CONVERSION = YES_AGGRESSIVE;
				CLANG_CXX_LANGUAGE_STANDARD = "gnu++14";
				CLANG_CXX_LIBRARY = "libc++";
				CLANG_ENABLE_MODULES = YES;
				CLANG_ENABLE_OBJC_ARC = YES;
				CLANG_ENABLE_OBJC_WEAK = YES;
				CLANG_WARN_BLOCK_CAPTURE_AUTORELEASING = YES;
				CLANG_WARN_BOOL_CONVERSION = YES;
				CLANG_WARN_COMMA = YES;
				CLANG_WARN_CONSTANT_CONVERSION = YES;
				CLANG_WARN_DEPRECATED_OBJC_IMPLEMENTATIONS = YES;
				CLANG_WARN_DIRECT_OBJC_ISA_USAGE = YES_ERROR;
				CLANG_WARN_DOCUMENTATION_COMMENTS = YES;
				CLANG_WARN_EMPTY_BODY = YES;
				CLANG_WARN_ENUM_CONVERSION = YES;
				CLANG_WARN_INFINITE_RECURSION = YES;
				CLANG_WARN_INT_CONVERSION = YES;
				CLANG_WARN_NON_LITERAL_NULL_CONVERSION = YES;
				CLANG_WARN_OBJC_IMPLICIT_RETAIN_SELF = YES;
				CLANG_WARN_OBJC_LITERAL_CONVERSION = YES;
				CLANG_WARN_OBJC_ROOT_CLASS = YES_ERROR;
				CLANG_WARN_RANGE_LOOP_ANALYSIS = YES;
				CLANG_WARN_STRICT_PROTOTYPES = YES;
				CLANG_WARN_SUSPICIOUS_MOVE = YES;
				CLANG_WARN_UNGUARDED_AVAILABILITY = YES_AGGRESSIVE;
				CLANG_WARN_UNREACHABLE_CODE = YES;
				CLANG_WARN__DUPLICATE_METHOD_MATCH = YES;
				COPY_PHASE_STRIP = NO;
				DEBUG_INFORMATION_FORMAT = dwarf;
				ENABLE_STRICT_OBJC_MSGSEND = YES;
				ENABLE_TESTABILITY = YES;
				GCC_C_LANGUAGE_STANDARD = gnu11;
				GCC_DYNAMIC_NO_PIC = NO;
				GCC_NO_COMMON_BLOCKS = YES;
				GCC_OPTIMIZATION_LEVEL = 0;
				GCC_PREPROCESSOR_DEFINITIONS = (
					"DEBUG=1",
					"$(inherited)",
				);
				GCC_WARN_64_TO_32_BIT_CONVERSION = YES;
				GCC_WARN_ABOUT_RETURN_TYPE = YES_ERROR;
				GCC_WARN_UNDECLARED_SELECTOR = YES;
				GCC_WARN_UNINITIALIZED_AUTOS = YES_AGGRESSIVE;
				GCC_WARN_UNUSED_FUNCTION = YES;
				GCC_WARN_UNUSED_VARIABLE = YES;
				IPHONEOS_DEPLOYMENT_TARGET = 11.0;
				MTL_ENABLE_DEBUG_INFO = INCLUDE_SOURCE;
				MTL_FAST_MATH = YES;
				ONLY_ACTIVE_ARCH = YES;
				SDKROOT = iphoneos;
				SWIFT_ACTIVE_COMPILATION_CONDITIONS = DEBUG;
				SWIFT_OPTIMIZATION_LEVEL = "-Onone";
			};
			name = Debug;
		};
		A61A65882439EE1000CD6D91 /* Release */ = {
			isa = XCBuildConfiguration;
			baseConfigurationReference = A61A65B4243A0B1400CD6D91 /* Production.xcconfig */;
			buildSettings = {
				ALWAYS_SEARCH_USER_PATHS = NO;
				CLANG_ANALYZER_NONNULL = YES;
				CLANG_ANALYZER_NUMBER_OBJECT_CONVERSION = YES_AGGRESSIVE;
				CLANG_CXX_LANGUAGE_STANDARD = "gnu++14";
				CLANG_CXX_LIBRARY = "libc++";
				CLANG_ENABLE_MODULES = YES;
				CLANG_ENABLE_OBJC_ARC = YES;
				CLANG_ENABLE_OBJC_WEAK = YES;
				CLANG_WARN_BLOCK_CAPTURE_AUTORELEASING = YES;
				CLANG_WARN_BOOL_CONVERSION = YES;
				CLANG_WARN_COMMA = YES;
				CLANG_WARN_CONSTANT_CONVERSION = YES;
				CLANG_WARN_DEPRECATED_OBJC_IMPLEMENTATIONS = YES;
				CLANG_WARN_DIRECT_OBJC_ISA_USAGE = YES_ERROR;
				CLANG_WARN_DOCUMENTATION_COMMENTS = YES;
				CLANG_WARN_EMPTY_BODY = YES;
				CLANG_WARN_ENUM_CONVERSION = YES;
				CLANG_WARN_INFINITE_RECURSION = YES;
				CLANG_WARN_INT_CONVERSION = YES;
				CLANG_WARN_NON_LITERAL_NULL_CONVERSION = YES;
				CLANG_WARN_OBJC_IMPLICIT_RETAIN_SELF = YES;
				CLANG_WARN_OBJC_LITERAL_CONVERSION = YES;
				CLANG_WARN_OBJC_ROOT_CLASS = YES_ERROR;
				CLANG_WARN_RANGE_LOOP_ANALYSIS = YES;
				CLANG_WARN_STRICT_PROTOTYPES = YES;
				CLANG_WARN_SUSPICIOUS_MOVE = YES;
				CLANG_WARN_UNGUARDED_AVAILABILITY = YES_AGGRESSIVE;
				CLANG_WARN_UNREACHABLE_CODE = YES;
				CLANG_WARN__DUPLICATE_METHOD_MATCH = YES;
				COPY_PHASE_STRIP = NO;
				DEBUG_INFORMATION_FORMAT = "dwarf-with-dsym";
				ENABLE_NS_ASSERTIONS = NO;
				ENABLE_STRICT_OBJC_MSGSEND = YES;
				GCC_C_LANGUAGE_STANDARD = gnu11;
				GCC_NO_COMMON_BLOCKS = YES;
				GCC_WARN_64_TO_32_BIT_CONVERSION = YES;
				GCC_WARN_ABOUT_RETURN_TYPE = YES_ERROR;
				GCC_WARN_UNDECLARED_SELECTOR = YES;
				GCC_WARN_UNINITIALIZED_AUTOS = YES_AGGRESSIVE;
				GCC_WARN_UNUSED_FUNCTION = YES;
				GCC_WARN_UNUSED_VARIABLE = YES;
				IPHONEOS_DEPLOYMENT_TARGET = 11.0;
				MTL_ENABLE_DEBUG_INFO = NO;
				MTL_FAST_MATH = YES;
				SDKROOT = iphoneos;
				SWIFT_COMPILATION_MODE = wholemodule;
				SWIFT_OPTIMIZATION_LEVEL = "-O";
				VALIDATE_PRODUCT = YES;
			};
			name = Release;
		};
		A61A658A2439EE1000CD6D91 /* Debug */ = {
			isa = XCBuildConfiguration;
			baseConfigurationReference = 6CF8CA639BE6467056DDC716 /* Pods-qpon-ios.debug.xcconfig */;
			buildSettings = {
				ASSETCATALOG_COMPILER_APPICON_NAME = AppIcon;
				CODE_SIGN_STYLE = Automatic;
				INFOPLIST_FILE = "qpon-ios/Info.plist";
				LD_RUNPATH_SEARCH_PATHS = (
					"$(inherited)",
					"@executable_path/Frameworks",
				);
				PRODUCT_BUNDLE_IDENTIFIER = "com.qponer.qpona.qpon-ios";
				PRODUCT_NAME = "$(TARGET_NAME)";
				SWIFT_VERSION = 5.0;
				TARGETED_DEVICE_FAMILY = "1,2";
			};
			name = Debug;
		};
		A61A658B2439EE1000CD6D91 /* Release */ = {
			isa = XCBuildConfiguration;
			baseConfigurationReference = 7CC0F27CA00F17C53A441C63 /* Pods-qpon-ios.release.xcconfig */;
			buildSettings = {
				ASSETCATALOG_COMPILER_APPICON_NAME = AppIcon;
				CODE_SIGN_STYLE = Automatic;
				INFOPLIST_FILE = "qpon-ios/Info.plist";
				LD_RUNPATH_SEARCH_PATHS = (
					"$(inherited)",
					"@executable_path/Frameworks",
				);
				PRODUCT_BUNDLE_IDENTIFIER = "com.qponer.qpona.qpon-ios";
				PRODUCT_NAME = "$(TARGET_NAME)";
				SWIFT_VERSION = 5.0;
				TARGETED_DEVICE_FAMILY = "1,2";
			};
			name = Release;
		};
		A61A65B1243A0AB600CD6D91 /* Staging */ = {
			isa = XCBuildConfiguration;
			baseConfigurationReference = A61A65B5243A0B1F00CD6D91 /* Staging.xcconfig */;
			buildSettings = {
				ALWAYS_SEARCH_USER_PATHS = NO;
				CLANG_ANALYZER_NONNULL = YES;
				CLANG_ANALYZER_NUMBER_OBJECT_CONVERSION = YES_AGGRESSIVE;
				CLANG_CXX_LANGUAGE_STANDARD = "gnu++14";
				CLANG_CXX_LIBRARY = "libc++";
				CLANG_ENABLE_MODULES = YES;
				CLANG_ENABLE_OBJC_ARC = YES;
				CLANG_ENABLE_OBJC_WEAK = YES;
				CLANG_WARN_BLOCK_CAPTURE_AUTORELEASING = YES;
				CLANG_WARN_BOOL_CONVERSION = YES;
				CLANG_WARN_COMMA = YES;
				CLANG_WARN_CONSTANT_CONVERSION = YES;
				CLANG_WARN_DEPRECATED_OBJC_IMPLEMENTATIONS = YES;
				CLANG_WARN_DIRECT_OBJC_ISA_USAGE = YES_ERROR;
				CLANG_WARN_DOCUMENTATION_COMMENTS = YES;
				CLANG_WARN_EMPTY_BODY = YES;
				CLANG_WARN_ENUM_CONVERSION = YES;
				CLANG_WARN_INFINITE_RECURSION = YES;
				CLANG_WARN_INT_CONVERSION = YES;
				CLANG_WARN_NON_LITERAL_NULL_CONVERSION = YES;
				CLANG_WARN_OBJC_IMPLICIT_RETAIN_SELF = YES;
				CLANG_WARN_OBJC_LITERAL_CONVERSION = YES;
				CLANG_WARN_OBJC_ROOT_CLASS = YES_ERROR;
				CLANG_WARN_RANGE_LOOP_ANALYSIS = YES;
				CLANG_WARN_STRICT_PROTOTYPES = YES;
				CLANG_WARN_SUSPICIOUS_MOVE = YES;
				CLANG_WARN_UNGUARDED_AVAILABILITY = YES_AGGRESSIVE;
				CLANG_WARN_UNREACHABLE_CODE = YES;
				CLANG_WARN__DUPLICATE_METHOD_MATCH = YES;
				COPY_PHASE_STRIP = NO;
				DEBUG_INFORMATION_FORMAT = dwarf;
				ENABLE_STRICT_OBJC_MSGSEND = YES;
				ENABLE_TESTABILITY = YES;
				GCC_C_LANGUAGE_STANDARD = gnu11;
				GCC_DYNAMIC_NO_PIC = NO;
				GCC_NO_COMMON_BLOCKS = YES;
				GCC_OPTIMIZATION_LEVEL = 0;
				GCC_PREPROCESSOR_DEFINITIONS = (
					"DEBUG=1",
					"$(inherited)",
				);
				GCC_WARN_64_TO_32_BIT_CONVERSION = YES;
				GCC_WARN_ABOUT_RETURN_TYPE = YES_ERROR;
				GCC_WARN_UNDECLARED_SELECTOR = YES;
				GCC_WARN_UNINITIALIZED_AUTOS = YES_AGGRESSIVE;
				GCC_WARN_UNUSED_FUNCTION = YES;
				GCC_WARN_UNUSED_VARIABLE = YES;
				IPHONEOS_DEPLOYMENT_TARGET = 11.0;
				MTL_ENABLE_DEBUG_INFO = INCLUDE_SOURCE;
				MTL_FAST_MATH = YES;
				ONLY_ACTIVE_ARCH = YES;
				SDKROOT = iphoneos;
				SWIFT_ACTIVE_COMPILATION_CONDITIONS = DEBUG;
				SWIFT_OPTIMIZATION_LEVEL = "-Onone";
			};
			name = Staging;
		};
		A61A65B2243A0AB600CD6D91 /* Staging */ = {
			isa = XCBuildConfiguration;
			baseConfigurationReference = 8D68C7A6E35119F708DBB2C5 /* Pods-qpon-ios.staging.xcconfig */;
			buildSettings = {
				ASSETCATALOG_COMPILER_APPICON_NAME = AppIcon;
				CODE_SIGN_STYLE = Automatic;
				INFOPLIST_FILE = "qpon-ios/Info.plist";
				LD_RUNPATH_SEARCH_PATHS = (
					"$(inherited)",
					"@executable_path/Frameworks",
				);
				PRODUCT_BUNDLE_IDENTIFIER = "com.qponer.qpona.qpon-ios";
				PRODUCT_NAME = "$(TARGET_NAME)";
				SWIFT_VERSION = 5.0;
				TARGETED_DEVICE_FAMILY = "1,2";
			};
			name = Staging;
		};
/* End XCBuildConfiguration section */

/* Begin XCConfigurationList section */
		A61A65702439EE0E00CD6D91 /* Build configuration list for PBXProject "qpon-ios" */ = {
			isa = XCConfigurationList;
			buildConfigurations = (
				A61A65872439EE1000CD6D91 /* Debug */,
				A61A65B1243A0AB600CD6D91 /* Staging */,
				A61A65882439EE1000CD6D91 /* Release */,
			);
			defaultConfigurationIsVisible = 0;
			defaultConfigurationName = Debug;
		};
		A61A65892439EE1000CD6D91 /* Build configuration list for PBXNativeTarget "qpon-ios" */ = {
			isa = XCConfigurationList;
			buildConfigurations = (
				A61A658A2439EE1000CD6D91 /* Debug */,
				A61A65B2243A0AB600CD6D91 /* Staging */,
				A61A658B2439EE1000CD6D91 /* Release */,
			);
			defaultConfigurationIsVisible = 0;
			defaultConfigurationName = Debug;
		};
/* End XCConfigurationList section */
	};
	rootObject = A61A656D2439EE0E00CD6D91 /* Project object */;
}
